
Microsoft Visual Studio Solution File, Format Version 12.00
# Visual Studio Version 16
VisualStudioVersion = 16.0.30907.101
MinimumVisualStudioVersion = 10.0.40219.1
Project("{9A19103F-16F7-4668-BE54-9A1E7A4F7556}") = "GraphQL-Demo", "GraphQL-Demo.csproj", "{17AD5058-3DB6-44EC-BD70-E14C601D7118}"
EndProject
Global
	GlobalSection(SolutionConfigurationPlatforms) = preSolution
		Debug|Any CPU = Debug|Any CPU
		Release|Any CPU = Release|Any CPU
	EndGlobalSection
	GlobalSection(ProjectConfigurationPlatforms) = postSolution
		{17AD5058-3DB6-44EC-BD70-E14C601D7118}.Debug|Any CPU.ActiveCfg = Debug|Any CPU
		{17AD5058-3DB6-44EC-BD70-E14C601D7118}.Debug|Any CPU.Build.0 = Debug|Any CPU
		{17AD5058-3DB6-44EC-BD70-E14C601D7118}.Release|Any CPU.ActiveCfg = Release|Any CPU
		{17AD5058-3DB6-44EC-BD70-E14C601D7118}.Release|Any CPU.Build.0 = Release|Any CPU
	EndGlobalSection
	GlobalSection(SolutionProperties) = preSolution
		HideSolutionNode = FALSE
	EndGlobalSection
	GlobalSection(ExtensibilityGlobals) = postSolution
		SolutionGuid = {8AA5EDB2-869C-463C-A41A-8A1A37A37C2B}
	EndGlobalSection
EndGlobal
